
Microsoft Visual Studio Solution File, Format Version 12.00
# Visual Studio 14
VisualStudioVersion = 14.0.24720.0
MinimumVisualStudioVersion = 10.0.40219.1
Project("{8BC9CEB8-8B4A-11D0-8D11-00A0C91BC942}") = "crosswalk", "crosswalk\crosswalk.vcxproj", "{A6D6F262-B4E1-455A-A5D9-CDAA7CE5AB6D}"
EndProject
Project("{8BC9CEB8-8B4A-11D0-8D11-00A0C91BC942}") = "test", "test\test.vcxproj", "{2A3A54E1-FB7E-4652-B5A1-C14816476B68}"
EndProject
Project("{8BC9CEB8-8B4A-11D0-8D11-00A0C91BC942}") = "benchmark", "benchmark\benchmark.vcxproj", "{8494DF44-2367-455A-AA67-AC47AA9792C7}"
EndProject
Global
	GlobalSection(SolutionConfigurationPlatforms) = preSolution
		Debug|ARM = Debug|ARM
		Debug|x64 = Debug|x64
		Debug|x86 = Debug|x86
		Release|ARM = Release|ARM
		Release|x64 = Release|x64
		Release|x86 = Release|x86
	EndGlobalSection
	GlobalSection(ProjectConfigurationPlatforms) = postSolution
		{A6D6F262-B4E1-455A-A5D9-CDAA7CE5AB6D}.Debug|ARM.ActiveCfg = Debug|ARM
		{A6D6F262-B4E1-455A-A5D9-CDAA7CE5AB6D}.Debug|ARM.Build.0 = Debug|ARM
		{A6D6F262-B4E1-455A-A5D9-CDAA7CE5AB6D}.Debug|x64.ActiveCfg = Debug|x64
		{A6D6F262-B4E1-455A-A5D9-CDAA7CE5AB6D}.Debug|x64.Build.0 = Debug|x64
		{A6D6F262-B4E1-455A-A5D9-CDAA7CE5AB6D}.Debug|x86.ActiveCfg = Debug|Win32
		{A6D6F262-B4E1-455A-A5D9-CDAA7CE5AB6D}.Debug|x86.Build.0 = Debug|Win32
		{A6D6F262-B4E1-455A-A5D9-CDAA7CE5AB6D}.Release|ARM.ActiveCfg = Release|ARM
		{A6D6F262-B4E1-455A-A5D9-CDAA7CE5AB6D}.Release|ARM.Build.0 = Release|ARM
		{A6D6F262-B4E1-455A-A5D9-CDAA7CE5AB6D}.Release|x64.ActiveCfg = Release|x64
		{A6D6F262-B4E1-455A-A5D9-CDAA7CE5AB6D}.Release|x64.Build.0 = Release|x64
		{A6D6F262-B4E1-455A-A5D9-CDAA7CE5AB6D}.Release|x86.ActiveCfg = Release|Win32
		{A6D6F262-B4E1-455A-A5D9-CDAA7CE5AB6D}.Release|x86.Build.0 = Release|Win32
		{2A3A54E1-FB7E-4652-B5A1-C14816476B68}.Debug|ARM.ActiveCfg = Debug|Win32
		{2A3A54E1-FB7E-4652-B5A1-C14816476B68}.Debug|x64.ActiveCfg = Debug|x64
		{2A3A54E1-FB7E-4652-B5A1-C14816476B68}.Debug|x64.Build.0 = Debug|x64
		{2A3A54E1-FB7E-4652-B5A1-C14816476B68}.Debug|x86.ActiveCfg = Debug|Win32
		{2A3A54E1-FB7E-4652-B5A1-C14816476B68}.Debug|x86.Build.0 = Debug|Win32
		{2A3A54E1-FB7E-4652-B5A1-C14816476B68}.Release|ARM.ActiveCfg = Release|Win32
		{2A3A54E1-FB7E-4652-B5A1-C14816476B68}.Release|x64.ActiveCfg = Release|x64
		{2A3A54E1-FB7E-4652-B5A1-C14816476B68}.Release|x64.Build.0 = Release|x64
		{2A3A54E1-FB7E-4652-B5A1-C14816476B68}.Release|x86.ActiveCfg = Release|Win32
		{2A3A54E1-FB7E-4652-B5A1-C14816476B68}.Release|x86.Build.0 = Release|Win32
		{8494DF44-2367-455A-AA67-AC47AA9792C7}.Debug|ARM.ActiveCfg = Debug|Win32
		{8494DF44-2367-455A-AA67-AC47AA9792C7}.Debug|x64.ActiveCfg = Debug|x64
		{8494DF44-2367-455A-AA67-AC47AA9792C7}.Debug|x64.Build.0 = Debug|x64
		{8494DF44-2367-455A-AA67-AC47AA9792C7}.Debug|x86.ActiveCfg = Debug|Win32
		{8494DF44-2367-455A-AA67-AC47AA9792C7}.Debug|x86.Build.0 = Debug|Win32
		{8494DF44-2367-455A-AA67-AC47AA9792C7}.Release|ARM.ActiveCfg = Release|Win32
		{8494DF44-2367-455A-AA67-AC47AA9792C7}.Release|x64.ActiveCfg = Release|x64
		{8494DF44-2367-455A-AA67-AC47AA9792C7}.Release|x64.Build.0 = Release|x64
		{8494DF44-2367-455A-AA67-AC47AA9792C7}.Release|x86.ActiveCfg = Release|Win32
		{8494DF44-2367-455A-AA67-AC47AA9792C7}.Release|x86.Build.0 = Release|Win32
	EndGlobalSection
	GlobalSection(SolutionProperties) = preSolution
		HideSolutionNode = FALSE
	EndGlobalSection
EndGlobal
